
Microsoft Visual Studio Solution File, Format Version 12.00
# Visual Studio Version 16
VisualStudioVersion = 16.0.30011.22
MinimumVisualStudioVersion = 10.0.40219.1
Project("{9A19103F-16F7-4668-BE54-9A1E7A4F7556}") = "Study.Api", "Study.Api\Study.Api.csproj", "{4E15253D-CEFA-4605-A0DA-126943BECBDF}"
EndProject
Project("{FAE04EC0-301F-11D3-BF4B-00C04F79EFBC}") = "Study.Core", "Study.Core\Study.Core.csproj", "{5150A74F-7E78-41CD-8C70-DC3661D45865}"
EndProject
Project("{FAE04EC0-301F-11D3-BF4B-00C04F79EFBC}") = "Study.EFCore", "Study.EFCore\Study.EFCore.csproj", "{F7BF4786-7CFD-4364-A7B7-4B339AE9C650}"
EndProject
Global
	GlobalSection(SolutionConfigurationPlatforms) = preSolution
		Debug|Any CPU = Debug|Any CPU
		Release|Any CPU = Release|Any CPU
	EndGlobalSection
	GlobalSection(ProjectConfigurationPlatforms) = postSolution
		{4E15253D-CEFA-4605-A0DA-126943BECBDF}.Debug|Any CPU.ActiveCfg = Debug|Any CPU
		{4E15253D-CEFA-4605-A0DA-126943BECBDF}.Debug|Any CPU.Build.0 = Debug|Any CPU
		{4E15253D-CEFA-4605-A0DA-126943BECBDF}.Release|Any CPU.ActiveCfg = Release|Any CPU
		{4E15253D-CEFA-4605-A0DA-126943BECBDF}.Release|Any CPU.Build.0 = Release|Any CPU
		{5150A74F-7E78-41CD-8C70-DC3661D45865}.Debug|Any CPU.ActiveCfg = Debug|Any CPU
		{5150A74F-7E78-41CD-8C70-DC3661D45865}.Debug|Any CPU.Build.0 = Debug|Any CPU
		{5150A74F-7E78-41CD-8C70-DC3661D45865}.Release|Any CPU.ActiveCfg = Release|Any CPU
		{5150A74F-7E78-41CD-8C70-DC3661D45865}.Release|Any CPU.Build.0 = Release|Any CPU
		{F7BF4786-7CFD-4364-A7B7-4B339AE9C650}.Debug|Any CPU.ActiveCfg = Debug|Any CPU
		{F7BF4786-7CFD-4364-A7B7-4B339AE9C650}.Debug|Any CPU.Build.0 = Debug|Any CPU
		{F7BF4786-7CFD-4364-A7B7-4B339AE9C650}.Release|Any CPU.ActiveCfg = Release|Any CPU
		{F7BF4786-7CFD-4364-A7B7-4B339AE9C650}.Release|Any CPU.Build.0 = Release|Any CPU
	EndGlobalSection
	GlobalSection(SolutionProperties) = preSolution
		HideSolutionNode = FALSE
	EndGlobalSection
	GlobalSection(ExtensibilityGlobals) = postSolution
		SolutionGuid = {654CFB52-A8A6-4C94-A53B-DD710FCDD8FA}
	EndGlobalSection
EndGlobal
